
Microsoft Visual Studio Solution File, Format Version 12.00
# Visual Studio Version 16
VisualStudioVersion = 16.0.31729.503
MinimumVisualStudioVersion = 10.0.40219.1
Project("{FAE04EC0-301F-11D3-BF4B-00C04F79EFBC}") = "BlackJack.NET", "BlackJack.NET\BlackJack.NET.csproj", "{8239CFD4-B3EE-4721-A75B-77CE6E6ECC25}"
EndProject
Project("{FAE04EC0-301F-11D3-BF4B-00C04F79EFBC}") = "Tests", "Tests\Tests.csproj", "{F417E5EC-EE83-4B09-A8DC-A0EE5C2FC444}"
EndProject
Global
	GlobalSection(SolutionConfigurationPlatforms) = preSolution
		Debug|Any CPU = Debug|Any CPU
		Release|Any CPU = Release|Any CPU
	EndGlobalSection
	GlobalSection(ProjectConfigurationPlatforms) = postSolution
		{8239CFD4-B3EE-4721-A75B-77CE6E6ECC25}.Debug|Any CPU.ActiveCfg = Debug|Any CPU
		{8239CFD4-B3EE-4721-A75B-77CE6E6ECC25}.Debug|Any CPU.Build.0 = Debug|Any CPU
		{8239CFD4-B3EE-4721-A75B-77CE6E6ECC25}.Release|Any CPU.ActiveCfg = Release|Any CPU
		{8239CFD4-B3EE-4721-A75B-77CE6E6ECC25}.Release|Any CPU.Build.0 = Release|Any CPU
		{F417E5EC-EE83-4B09-A8DC-A0EE5C2FC444}.Debug|Any CPU.ActiveCfg = Debug|Any CPU
		{F417E5EC-EE83-4B09-A8DC-A0EE5C2FC444}.Debug|Any CPU.Build.0 = Debug|Any CPU
		{F417E5EC-EE83-4B09-A8DC-A0EE5C2FC444}.Release|Any CPU.ActiveCfg = Release|Any CPU
		{F417E5EC-EE83-4B09-A8DC-A0EE5C2FC444}.Release|Any CPU.Build.0 = Release|Any CPU
	EndGlobalSection
	GlobalSection(SolutionProperties) = preSolution
		HideSolutionNode = FALSE
	EndGlobalSection
	GlobalSection(ExtensibilityGlobals) = postSolution
		SolutionGuid = {82F40796-D722-47B9-9456-E77E6C5DFA40}
	EndGlobalSection
EndGlobal
